{
  "lockfileVersion": 2,
  "configVersion": 1,
  "workspaces": {
    "": {
      "name": "@rcarmo/fixtures-ooxml",
      "devDependencies": {
        "@cucumber/gherkin": "42.0.1",
        "@cucumber/messages": "34.2.1",
      },
    },
  },
  "packages": {
    "@cucumber/gherkin": ["@cucumber/gherkin@42.0.1", "", { "dependencies": { "@cucumber/messages": ">=34.0.0 <35" } }, "sha512-Kqg0ULhWqbXp/a1c04ND4sS4KTlIL831tQ0NhZLXWdEhT6LiNsZ5LFRzy/lBy7QQpcKhroKp/i3C2WdEnRBKNg=="],

    "@cucumber/messages": ["@cucumber/messages@34.2.1", "", {}, "sha512-aj2iCAG9ZOpMVcMxcgShifv5fbR96b7SMgdWcPXXh2QbFp7OEcAnQ5MC5YfWUDSDasmw7FU5NJEsOrXdTQOU1A=="],
  }
}
